
Microsoft Visual Studio Solution File, Format Version 12.00
# Visual Studio 15
VisualStudioVersion = 15.0.28307.102
MinimumVisualStudioVersion = 10.0.40219.1
Project("{FAE04EC0-301F-11D3-BF4B-00C04F79EFBC}") = "DemonstratePlugin", "DemonstratePlugin\DemonstratePlugin.csproj", "{1CDC2826-7AFD-46BA-913A-AC2C427079A1}"
EndProject
Project("{FAE04EC0-301F-11D3-BF4B-00C04F79EFBC}") = "DemonstrateWorkflow", "DemonstrateWorkflow\DemonstrateWorkflow.csproj", "{6D909780-8549-4FE6-A849-8DF1772EB1A4}"
EndProject
Project("{2150E333-8FDC-42A3-9474-1A3956D46DE8}") = "RunTheseScripts", "RunTheseScripts", "{13C4890E-878C-477B-BDFC-D98F1B165604}"
	ProjectSection(SolutionItems) = preProject
		RunTheseScripts\0_README.txt = RunTheseScripts\0_README.txt
		RunTheseScripts\1_PopulateCustomAttributeClassFile.ps1 = RunTheseScripts\1_PopulateCustomAttributeClassFile.ps1
		RunTheseScripts\2_GeneratePluginJsonFromCustomAttributes.ps1 = RunTheseScripts\2_GeneratePluginJsonFromCustomAttributes.ps1
		RunTheseScripts\3_RegisterPluginsAndWorkflows.ps1 = RunTheseScripts\3_RegisterPluginsAndWorkflows.ps1
	EndProjectSection
EndProject
Global
	GlobalSection(SolutionConfigurationPlatforms) = preSolution
		Debug|Any CPU = Debug|Any CPU
		Release|Any CPU = Release|Any CPU
	EndGlobalSection
	GlobalSection(ProjectConfigurationPlatforms) = postSolution
		{1CDC2826-7AFD-46BA-913A-AC2C427079A1}.Debug|Any CPU.ActiveCfg = Debug|Any CPU
		{1CDC2826-7AFD-46BA-913A-AC2C427079A1}.Debug|Any CPU.Build.0 = Debug|Any CPU
		{1CDC2826-7AFD-46BA-913A-AC2C427079A1}.Release|Any CPU.ActiveCfg = Release|Any CPU
		{1CDC2826-7AFD-46BA-913A-AC2C427079A1}.Release|Any CPU.Build.0 = Release|Any CPU
		{6D909780-8549-4FE6-A849-8DF1772EB1A4}.Debug|Any CPU.ActiveCfg = Debug|Any CPU
		{6D909780-8549-4FE6-A849-8DF1772EB1A4}.Debug|Any CPU.Build.0 = Debug|Any CPU
		{6D909780-8549-4FE6-A849-8DF1772EB1A4}.Release|Any CPU.ActiveCfg = Release|Any CPU
		{6D909780-8549-4FE6-A849-8DF1772EB1A4}.Release|Any CPU.Build.0 = Release|Any CPU
	EndGlobalSection
	GlobalSection(SolutionProperties) = preSolution
		HideSolutionNode = FALSE
	EndGlobalSection
	GlobalSection(ExtensibilityGlobals) = postSolution
		SolutionGuid = {0B9235A4-DB42-49B2-B83B-39FD1213C95B}
	EndGlobalSection
EndGlobal
